
Microsoft Visual Studio Solution File, Format Version 12.00
# Visual Studio Version 16
VisualStudioVersion = 16.0.31129.286
MinimumVisualStudioVersion = 10.0.40219.1
Project("{FAE04EC0-301F-11D3-BF4B-00C04F79EFBC}") = "ekread", "ekread\ekread.csproj", "{ADAB6EF4-9E95-47F1-9AF6-5873A8E49434}"
EndProject
Project("{9A19103F-16F7-4668-BE54-9A1E7A4F7556}") = "ekreadTests", "ekreadTests\ekreadTests.csproj", "{4C3AF507-64CA-4144-97A3-8F748113E251}"
EndProject
Project("{888888A0-9F3D-457C-B088-3A5042F75D52}") = "mbread", "mbread\mbread.pyproj", "{9A304FB5-F1E1-49C4-98B1-374CB4ECD509}"
EndProject
Project("{FAE04EC0-301F-11D3-BF4B-00C04F79EFBC}") = "ek2mb", "tmb\ek2mb.csproj", "{748DE91B-7CBB-47FE-B8E9-839529EFD2B6}"
EndProject
Project("{FAE04EC0-301F-11D3-BF4B-00C04F79EFBC}") = "simpletest", "simpletest\simpletest.csproj", "{2144B834-2468-46BE-89D4-ADBC326C780A}"
EndProject
Global
	GlobalSection(SolutionConfigurationPlatforms) = preSolution
		Debug|Any CPU = Debug|Any CPU
		Release|Any CPU = Release|Any CPU
	EndGlobalSection
	GlobalSection(ProjectConfigurationPlatforms) = postSolution
		{ADAB6EF4-9E95-47F1-9AF6-5873A8E49434}.Debug|Any CPU.ActiveCfg = Debug|Any CPU
		{ADAB6EF4-9E95-47F1-9AF6-5873A8E49434}.Debug|Any CPU.Build.0 = Debug|Any CPU
		{ADAB6EF4-9E95-47F1-9AF6-5873A8E49434}.Release|Any CPU.ActiveCfg = Release|Any CPU
		{ADAB6EF4-9E95-47F1-9AF6-5873A8E49434}.Release|Any CPU.Build.0 = Release|Any CPU
		{4C3AF507-64CA-4144-97A3-8F748113E251}.Debug|Any CPU.ActiveCfg = Debug|Any CPU
		{4C3AF507-64CA-4144-97A3-8F748113E251}.Debug|Any CPU.Build.0 = Debug|Any CPU
		{4C3AF507-64CA-4144-97A3-8F748113E251}.Release|Any CPU.ActiveCfg = Release|Any CPU
		{4C3AF507-64CA-4144-97A3-8F748113E251}.Release|Any CPU.Build.0 = Release|Any CPU
		{9A304FB5-F1E1-49C4-98B1-374CB4ECD509}.Debug|Any CPU.ActiveCfg = Debug|Any CPU
		{9A304FB5-F1E1-49C4-98B1-374CB4ECD509}.Release|Any CPU.ActiveCfg = Release|Any CPU
		{748DE91B-7CBB-47FE-B8E9-839529EFD2B6}.Debug|Any CPU.ActiveCfg = Debug|Any CPU
		{748DE91B-7CBB-47FE-B8E9-839529EFD2B6}.Debug|Any CPU.Build.0 = Debug|Any CPU
		{748DE91B-7CBB-47FE-B8E9-839529EFD2B6}.Release|Any CPU.ActiveCfg = Release|Any CPU
		{748DE91B-7CBB-47FE-B8E9-839529EFD2B6}.Release|Any CPU.Build.0 = Release|Any CPU
		{2144B834-2468-46BE-89D4-ADBC326C780A}.Debug|Any CPU.ActiveCfg = Debug|Any CPU
		{2144B834-2468-46BE-89D4-ADBC326C780A}.Debug|Any CPU.Build.0 = Debug|Any CPU
		{2144B834-2468-46BE-89D4-ADBC326C780A}.Release|Any CPU.ActiveCfg = Release|Any CPU
		{2144B834-2468-46BE-89D4-ADBC326C780A}.Release|Any CPU.Build.0 = Release|Any CPU
	EndGlobalSection
	GlobalSection(SolutionProperties) = preSolution
		HideSolutionNode = FALSE
	EndGlobalSection
	GlobalSection(ExtensibilityGlobals) = postSolution
		SolutionGuid = {3E0B62E7-5790-492C-9541-C82FAEE19DD0}
	EndGlobalSection
EndGlobal
